{
  "version": "4",
  "specifiers": {
    "jsr:@db/sqlite@0.12": "0.12.0",
    "jsr:@deno/deployctl@^1.13.1": "1.13.1",
    "jsr:@denosaurs/plug@1": "1.0.6",
    "jsr:@denosaurs/tty@0.2.1": "0.2.1",
    "jsr:@denosaurs/tty@~0.2.1": "0.2.1",
    "jsr:@denosaurs/wait@0.2.2": "0.2.2",
    "jsr:@hono/hono@^4.7.7": "4.7.7",
    "jsr:@std/assert@0.217": "0.217.0",
    "jsr:@std/assert@0.221": "0.221.0",
    "jsr:@std/assert@1": "1.0.13",
    "jsr:@std/async@0.217": "0.217.0",
    "jsr:@std/dotenv@0.217": "0.217.0",
    "jsr:@std/encoding@0.217": "0.217.0",
    "jsr:@std/encoding@0.221": "0.221.0",
    "jsr:@std/flags@0.217": "0.217.0",
    "jsr:@std/fmt@0.217": "0.217.0",
    "jsr:@std/fmt@0.221": "0.221.0",
    "jsr:@std/fmt@1": "1.0.7",
    "jsr:@std/fs@0.221": "0.221.0",
    "jsr:@std/internal@^1.0.6": "1.0.6",
    "jsr:@std/jsonc@0.217": "0.217.0",
    "jsr:@std/path@0.217": "0.217.0",
    "jsr:@std/path@0.221": "0.221.0",
    "jsr:@std/semver@0.217": "0.217.0",
    "jsr:@std/streams@0.217": "0.217.0",
    "npm:keychain@1.5.0": "1.5.0"
  },
  "jsr": {
    "@db/sqlite@0.12.0": {
      "integrity": "dd1ef7f621ad50fc1e073a1c3609c4470bd51edc0994139c5bf9851de7a6d85f",
      "dependencies": [
        "jsr:@denosaurs/plug",
        "jsr:@std/path@0.217"
      ]
    },
    "@deno/deployctl@1.13.1": {
      "integrity": "84245138a17546f184aebcc2dd49061b3437b8819be54195ab144e7b4e86be2a",
      "dependencies": [
        "jsr:@denosaurs/tty@0.2.1",
        "jsr:@denosaurs/wait",
        "jsr:@std/async",
        "jsr:@std/dotenv",
        "jsr:@std/encoding@0.217",
        "jsr:@std/flags",
        "jsr:@std/fmt@0.217",
        "jsr:@std/jsonc",
        "jsr:@std/path@0.217",
        "jsr:@std/semver",
        "jsr:@std/streams",
        "npm:keychain"
      ]
    },
    "@denosaurs/plug@1.0.6": {
      "integrity": "6cf5b9daba7799837b9ffbe89f3450510f588fafef8115ddab1ff0be9cb7c1a7",
      "dependencies": [
        "jsr:@std/encoding@0.221",
        "jsr:@std/fmt@0.221",
        "jsr:@std/fs",
        "jsr:@std/path@0.221"
      ]
    },
    "@denosaurs/tty@0.2.1": {
      "integrity": "f1fc651cc9021c90bf230a45c6eb893c26a54fae6a855e9cd26aad0083d772dd"
    },
    "@denosaurs/wait@0.2.2": {
      "integrity": "5ec0a7e72c57a96c9fdb2f4a52e2ce3b1ad010acc59fefe6f88054a9e27bc33d",
      "dependencies": [
        "jsr:@denosaurs/tty@~0.2.1",
        "jsr:@std/fmt@1"
      ]
    },
    "@hono/hono@4.7.7": {
      "integrity": "74ea9985cb405fada079a922538f6baa06fa1ee150ce409c5bdae2c89ac05cba"
    },
    "@std/assert@0.217.0": {
      "integrity": "c98e279362ca6982d5285c3b89517b757c1e3477ee9f14eb2fdf80a45aaa9642"
    },
    "@std/assert@0.221.0": {
      "integrity": "a5f1aa6e7909dbea271754fd4ab3f4e687aeff4873b4cef9a320af813adb489a"
    },
    "@std/assert@1.0.13": {
      "integrity": "ae0d31e41919b12c656c742b22522c32fb26ed0cba32975cb0de2a273cb68b29",
      "dependencies": [
        "jsr:@std/internal"
      ]
    },
    "@std/async@0.217.0": {
      "integrity": "14dac94f59595e39e519de379c47170d8bbedea253824c4b167108aa943ddb69"
    },
    "@std/dotenv@0.217.0": {
      "integrity": "e65cbbf669f482c320b2f94d0a2fc536f1fcd06afdcfa4fde358129a18d1d428"
    },
    "@std/encoding@0.217.0": {
      "integrity": "b03e8ff94c98d6b6a02c02c5cf8e5d203400155516248964fc4559abc04669dc"
    },
    "@std/encoding@0.221.0": {
      "integrity": "d1dd76ef0dc5d14088411e6dc1dede53bf8308c95d1537df1214c97137208e45"
    },
    "@std/flags@0.217.0": {
      "integrity": "2d67502692d76cfe37fba1c4a92d0a5fe0a6f9601900fd7c510936b0e4e0242e",
      "dependencies": [
        "jsr:@std/assert@0.217"
      ]
    },
    "@std/fmt@0.217.0": {
      "integrity": "cb99f82500b8da20202fedfa8bb94dd0222e81f0494ed9087de20ee3d8a39a8d"
    },
    "@std/fmt@0.221.0": {
      "integrity": "379fed69bdd9731110f26b9085aeb740606b20428ce6af31ef6bd45ef8efa62a"
    },
    "@std/fmt@1.0.7": {
      "integrity": "2a727c043d8df62cd0b819b3fb709b64dd622e42c3b1bb817ea7e6cc606360fb"
    },
    "@std/fs@0.221.0": {
      "integrity": "028044450299de8ed5a716ade4e6d524399f035513b85913794f4e81f07da286",
      "dependencies": [
        "jsr:@std/assert@0.221",
        "jsr:@std/path@0.221"
      ]
    },
    "@std/internal@1.0.6": {
      "integrity": "9533b128f230f73bd209408bb07a4b12f8d4255ab2a4d22a1fd6d87304aca9a4"
    },
    "@std/jsonc@0.217.0": {
      "integrity": "125c47f36ef8160e1b4fd5bff096e8f0ea3f49bea197de5b182eb130bb8a527c",
      "dependencies": [
        "jsr:@std/assert@0.217"
      ]
    },
    "@std/path@0.217.0": {
      "integrity": "1217cc25534bca9a2f672d7fe7c6f356e4027df400c0e85c0ef3e4343bc67d11",
      "dependencies": [
        "jsr:@std/assert@0.217"
      ]
    },
    "@std/path@0.221.0": {
      "integrity": "0a36f6b17314ef653a3a1649740cc8db51b25a133ecfe838f20b79a56ebe0095",
      "dependencies": [
        "jsr:@std/assert@0.221"
      ]
    },
    "@std/semver@0.217.0": {
      "integrity": "c1ba42cdcaacf610f1a62ec2256ab29765a73fede65120214c3acb9c85ed3d35"
    },
    "@std/streams@0.217.0": {
      "integrity": "b4a6de703d6aa59c4777f89fc002e82b8401dada44d1e6f7e916664c1e6cfd36"
    }
  },
  "npm": {
    "keychain@1.5.0": {
      "integrity": "sha512-liyp4r+93RI7EB2jhwaRd4MWfdgHH6shuldkaPMkELCJjMFvOOVXuTvw1pGqFfhsrgA6OqfykWWPQgBjQakVag=="
    }
  },
  "workspace": {
    "dependencies": [
      "jsr:@db/sqlite@0.12",
      "jsr:@deno/deployctl@^1.13.1",
      "jsr:@hono/hono@^4.7.7",
      "jsr:@std/assert@1"
    ]
  }
}
